
Microsoft Visual Studio Solution File, Format Version 12.00
# Visual Studio 15
Project("{FAE04EC0-301F-11D3-BF4B-00C04F79EFBC}") = "BethanysPieShopHRM.Server", "BethanysPieShopHRM.Server\BethanysPieShopHRM.Server.csproj", "{ACED0BCB-0A46-4D76-B6C0-A0C6F7985AC6}"
EndProject
Project("{FAE04EC0-301F-11D3-BF4B-00C04F79EFBC}") = "BethanysPieShopHRM.Api", "BethanysPieShopHRM.Api\BethanysPieShopHRM.Api.csproj", "{3D22D056-B2B8-4FDB-A078-3753F1C72A9F}"
EndProject
Project("{FAE04EC0-301F-11D3-BF4B-00C04F79EFBC}") = "BethanysPieShopHRM.Shared", "BethanysPieShopHRM.Shared\BethanysPieShopHRM.Shared.csproj", "{4CA47524-7364-4DF6-BAE4-C9FFABB5D8EA}"
EndProject
Project("{2150E333-8FDC-42A3-9474-1A3956D46DE8}") = "Solution Items", "Solution Items", "{7EA38192-0AE6-4C15-B9D0-3AB6D4730CC6}"
	ProjectSection(SolutionItems) = preProject
		.gitignore = .gitignore
	EndProjectSection
EndProject
Project("{FAE04EC0-301F-11D3-BF4B-00C04F79EFBC}") = "BethanysPieShopHRM.ComponentsLibrary", "BethanysPieShopHRM.ComponentsLibrary\BethanysPieShopHRM.ComponentsLibrary.csproj", "{20CE4D59-47D6-42A0-A7B3-12F3AA2F3A5E}"
EndProject
Global
	GlobalSection(SolutionConfigurationPlatforms) = preSolution
		Debug|Any CPU = Debug|Any CPU
		Release|Any CPU = Release|Any CPU
	EndGlobalSection
	GlobalSection(ProjectConfigurationPlatforms) = postSolution
		{ACED0BCB-0A46-4D76-B6C0-A0C6F7985AC6}.Debug|Any CPU.ActiveCfg = Debug|Any CPU
		{ACED0BCB-0A46-4D76-B6C0-A0C6F7985AC6}.Debug|Any CPU.Build.0 = Debug|Any CPU
		{ACED0BCB-0A46-4D76-B6C0-A0C6F7985AC6}.Release|Any CPU.ActiveCfg = Release|Any CPU
		{ACED0BCB-0A46-4D76-B6C0-A0C6F7985AC6}.Release|Any CPU.Build.0 = Release|Any CPU
		{3D22D056-B2B8-4FDB-A078-3753F1C72A9F}.Debug|Any CPU.ActiveCfg = Debug|Any CPU
		{3D22D056-B2B8-4FDB-A078-3753F1C72A9F}.Debug|Any CPU.Build.0 = Debug|Any CPU
		{3D22D056-B2B8-4FDB-A078-3753F1C72A9F}.Release|Any CPU.ActiveCfg = Release|Any CPU
		{3D22D056-B2B8-4FDB-A078-3753F1C72A9F}.Release|Any CPU.Build.0 = Release|Any CPU
		{4CA47524-7364-4DF6-BAE4-C9FFABB5D8EA}.Debug|Any CPU.ActiveCfg = Debug|Any CPU
		{4CA47524-7364-4DF6-BAE4-C9FFABB5D8EA}.Debug|Any CPU.Build.0 = Debug|Any CPU
		{4CA47524-7364-4DF6-BAE4-C9FFABB5D8EA}.Release|Any CPU.ActiveCfg = Release|Any CPU
		{4CA47524-7364-4DF6-BAE4-C9FFABB5D8EA}.Release|Any CPU.Build.0 = Release|Any CPU
		{20CE4D59-47D6-42A0-A7B3-12F3AA2F3A5E}.Debug|Any CPU.ActiveCfg = Debug|Any CPU
		{20CE4D59-47D6-42A0-A7B3-12F3AA2F3A5E}.Debug|Any CPU.Build.0 = Debug|Any CPU
		{20CE4D59-47D6-42A0-A7B3-12F3AA2F3A5E}.Release|Any CPU.ActiveCfg = Release|Any CPU
		{20CE4D59-47D6-42A0-A7B3-12F3AA2F3A5E}.Release|Any CPU.Build.0 = Release|Any CPU
	EndGlobalSection
EndGlobal
